
Microsoft Visual Studio Solution File, Format Version 12.00
# Visual Studio Version 16
VisualStudioVersion = 25.0.1704.4
MinimumVisualStudioVersion = 10.0.40219.1
Project("{FAE04EC0-301F-11D3-BF4B-00C04F79EFBC}") = "FristApp", "FristApp\FristApp.csproj", "{4AFF6CA7-3143-49AC-A05B-5180C7AB6AC3}"
EndProject
Global
	GlobalSection(SolutionConfigurationPlatforms) = preSolution
		Debug|Any CPU = Debug|Any CPU
		Release|Any CPU = Release|Any CPU
	EndGlobalSection
	GlobalSection(ProjectConfigurationPlatforms) = postSolution
		{4AFF6CA7-3143-49AC-A05B-5180C7AB6AC3}.Debug|Any CPU.ActiveCfg = Debug|Any CPU
		{4AFF6CA7-3143-49AC-A05B-5180C7AB6AC3}.Debug|Any CPU.Build.0 = Debug|Any CPU
		{4AFF6CA7-3143-49AC-A05B-5180C7AB6AC3}.Release|Any CPU.ActiveCfg = Release|Any CPU
		{4AFF6CA7-3143-49AC-A05B-5180C7AB6AC3}.Release|Any CPU.Build.0 = Release|Any CPU
	EndGlobalSection
	GlobalSection(SolutionProperties) = preSolution
		HideSolutionNode = FALSE
	EndGlobalSection
	GlobalSection(ExtensibilityGlobals) = postSolution
		SolutionGuid = {5EBD8AEA-F4D2-441E-A852-AD946F75701D}
	EndGlobalSection
EndGlobal
